
Microsoft Visual Studio Solution File, Format Version 12.00
# Visual Studio Version 16
VisualStudioVersion = 16.0.32929.386
MinimumVisualStudioVersion = 10.0.40219.1
Project("{FAE04EC0-301F-11D3-BF4B-00C04F79EFBC}") = "girilen_sayıbasamaklarını_yazı_ile_ekrana_yazdırma", "girilen_sayıbasamaklarını_yazı_ile_ekrana_yazdırma\girilen_sayıbasamaklarını_yazı_ile_ekrana_yazdırma.csproj", "{696574B9-F04B-4536-A21A-16F6D84B7FEF}"
EndProject
Global
	GlobalSection(SolutionConfigurationPlatforms) = preSolution
		Debug|Any CPU = Debug|Any CPU
		Release|Any CPU = Release|Any CPU
	EndGlobalSection
	GlobalSection(ProjectConfigurationPlatforms) = postSolution
		{696574B9-F04B-4536-A21A-16F6D84B7FEF}.Debug|Any CPU.ActiveCfg = Debug|Any CPU
		{696574B9-F04B-4536-A21A-16F6D84B7FEF}.Debug|Any CPU.Build.0 = Debug|Any CPU
		{696574B9-F04B-4536-A21A-16F6D84B7FEF}.Release|Any CPU.ActiveCfg = Release|Any CPU
		{696574B9-F04B-4536-A21A-16F6D84B7FEF}.Release|Any CPU.Build.0 = Release|Any CPU
	EndGlobalSection
	GlobalSection(SolutionProperties) = preSolution
		HideSolutionNode = FALSE
	EndGlobalSection
	GlobalSection(ExtensibilityGlobals) = postSolution
		SolutionGuid = {C1DDED5C-D59A-455E-870C-B151652D7FA9}
	EndGlobalSection
EndGlobal
