
Microsoft Visual Studio Solution File, Format Version 12.00
# Visual Studio Version 16
VisualStudioVersion = 16.0.32929.386
MinimumVisualStudioVersion = 10.0.40219.1
Project("{FAE04EC0-301F-11D3-BF4B-00C04F79EFBC}") = "Girilenleri_Diziyi_Alfabetik_Olarak_Sıralama", "Girilenleri_Diziyi_Alfabetik_Olarak_Sıralama\Girilenleri_Diziyi_Alfabetik_Olarak_Sıralama.csproj", "{1EDE95BA-A33F-44EA-AB60-FFAF31EDB91F}"
EndProject
Global
	GlobalSection(SolutionConfigurationPlatforms) = preSolution
		Debug|Any CPU = Debug|Any CPU
		Release|Any CPU = Release|Any CPU
	EndGlobalSection
	GlobalSection(ProjectConfigurationPlatforms) = postSolution
		{1EDE95BA-A33F-44EA-AB60-FFAF31EDB91F}.Debug|Any CPU.ActiveCfg = Debug|Any CPU
		{1EDE95BA-A33F-44EA-AB60-FFAF31EDB91F}.Debug|Any CPU.Build.0 = Debug|Any CPU
		{1EDE95BA-A33F-44EA-AB60-FFAF31EDB91F}.Release|Any CPU.ActiveCfg = Release|Any CPU
		{1EDE95BA-A33F-44EA-AB60-FFAF31EDB91F}.Release|Any CPU.Build.0 = Release|Any CPU
	EndGlobalSection
	GlobalSection(SolutionProperties) = preSolution
		HideSolutionNode = FALSE
	EndGlobalSection
	GlobalSection(ExtensibilityGlobals) = postSolution
		SolutionGuid = {7AC28AD7-248C-4C3C-88C4-8162F9308C2F}
	EndGlobalSection
EndGlobal
