
Microsoft Visual Studio Solution File, Format Version 12.00
# Visual Studio Version 16
VisualStudioVersion = 16.0.32929.386
MinimumVisualStudioVersion = 10.0.40219.1
Project("{FAE04EC0-301F-11D3-BF4B-00C04F79EFBC}") = "sayisalloto2", "sayisalloto2\sayisalloto2.csproj", "{A1C40369-13EA-479F-ADB2-469010BE2573}"
EndProject
Global
	GlobalSection(SolutionConfigurationPlatforms) = preSolution
		Debug|Any CPU = Debug|Any CPU
		Release|Any CPU = Release|Any CPU
	EndGlobalSection
	GlobalSection(ProjectConfigurationPlatforms) = postSolution
		{A1C40369-13EA-479F-ADB2-469010BE2573}.Debug|Any CPU.ActiveCfg = Debug|Any CPU
		{A1C40369-13EA-479F-ADB2-469010BE2573}.Debug|Any CPU.Build.0 = Debug|Any CPU
		{A1C40369-13EA-479F-ADB2-469010BE2573}.Release|Any CPU.ActiveCfg = Release|Any CPU
		{A1C40369-13EA-479F-ADB2-469010BE2573}.Release|Any CPU.Build.0 = Release|Any CPU
	EndGlobalSection
	GlobalSection(SolutionProperties) = preSolution
		HideSolutionNode = FALSE
	EndGlobalSection
	GlobalSection(ExtensibilityGlobals) = postSolution
		SolutionGuid = {E1F450B7-1F32-4469-8F59-E762BC652389}
	EndGlobalSection
EndGlobal
