
Microsoft Visual Studio Solution File, Format Version 12.00
# Visual Studio Version 16
VisualStudioVersion = 16.0.32929.386
MinimumVisualStudioVersion = 10.0.40219.1
Project("{FAE04EC0-301F-11D3-BF4B-00C04F79EFBC}") = "GirilenSayının_dizinin_elemanlarını_yüzde_20_arttırıp_e.y.", "..\GirilenSayının_dizinin_elemanlarını_yüzde_20_arttırıp_e.y\GirilenSayının_dizinin_elemanlarını_yüzde_20_arttırıp_e.y\GirilenSayının_dizinin_elemanlarını_yüzde_20_arttırıp_e.y..csproj", "{F13C6BD5-C0AB-4378-BA8B-6A1DD5DDC89A}"
EndProject
Global
	GlobalSection(SolutionConfigurationPlatforms) = preSolution
		Debug|Any CPU = Debug|Any CPU
		Release|Any CPU = Release|Any CPU
	EndGlobalSection
	GlobalSection(ProjectConfigurationPlatforms) = postSolution
		{F13C6BD5-C0AB-4378-BA8B-6A1DD5DDC89A}.Debug|Any CPU.ActiveCfg = Debug|Any CPU
		{F13C6BD5-C0AB-4378-BA8B-6A1DD5DDC89A}.Debug|Any CPU.Build.0 = Debug|Any CPU
		{F13C6BD5-C0AB-4378-BA8B-6A1DD5DDC89A}.Release|Any CPU.ActiveCfg = Release|Any CPU
		{F13C6BD5-C0AB-4378-BA8B-6A1DD5DDC89A}.Release|Any CPU.Build.0 = Release|Any CPU
	EndGlobalSection
	GlobalSection(SolutionProperties) = preSolution
		HideSolutionNode = FALSE
	EndGlobalSection
	GlobalSection(ExtensibilityGlobals) = postSolution
		SolutionGuid = {486C81B8-AA30-4589-BC9D-1A7C212262E5}
	EndGlobalSection
EndGlobal
